
Microsoft Visual Studio Solution File, Format Version 12.00
# Visual Studio 2012
Project("{FAE04EC0-301F-11D3-BF4B-00C04F79EFBC}") = "MonadLib", "MonadLib\MonadLib.csproj", "{5FD0DD6C-0A10-4958-A2FF-B3D87FE09DC5}"
EndProject
Project("{FAE04EC0-301F-11D3-BF4B-00C04F79EFBC}") = "MonadLibTests", "MonadLibTests\MonadLibTests.csproj", "{750957D1-78A1-484B-BCFD-90C375340936}"
EndProject
Project("{FAE04EC0-301F-11D3-BF4B-00C04F79EFBC}") = "MonadApp", "MonadApp\MonadApp.csproj", "{04C24470-E9F4-46E6-B561-F7E547A47FEE}"
EndProject
Project("{2150E333-8FDC-42A3-9474-1A3956D46DE8}") = ".nuget", ".nuget", "{2184536C-A4DC-4E1E-A04E-24E12EECB9CC}"
	ProjectSection(SolutionItems) = preProject
		.nuget\NuGet.Config = .nuget\NuGet.Config
		.nuget\NuGet.exe = .nuget\NuGet.exe
		.nuget\NuGet.targets = .nuget\NuGet.targets
	EndProjectSection
EndProject
Project("{2150E333-8FDC-42A3-9474-1A3956D46DE8}") = "DemoPrograms", "DemoPrograms", "{8C3AB78E-A097-44BF-AECD-A06CB02789F0}"
EndProject
Project("{FAE04EC0-301F-11D3-BF4B-00C04F79EFBC}") = "StateBinTreeBuild", "DemoPrograms\StateBinTreeBuild\StateBinTreeBuild.csproj", "{51E4F00E-E686-4888-9B74-A35AEBEE27E7}"
EndProject
Project("{FAE04EC0-301F-11D3-BF4B-00C04F79EFBC}") = "StateZipWithIndex", "DemoPrograms\StateZipWithIndex\StateZipWithIndex.csproj", "{1FF79A68-C3A5-4D44-867D-8BF68A3FE8FB}"
EndProject
Project("{FAE04EC0-301F-11D3-BF4B-00C04F79EFBC}") = "MaybeMovieReview", "DemoPrograms\MaybeMovieReview\MaybeMovieReview.csproj", "{E72F155A-6072-4049-9EFA-895D02C24B4F}"
EndProject
Project("{FAE04EC0-301F-11D3-BF4B-00C04F79EFBC}") = "EitherMovieReview", "DemoPrograms\EitherMovieReview\EitherMovieReview.csproj", "{70286AA2-BB87-456D-B562-9997772BD8FF}"
EndProject
Global
	GlobalSection(SolutionConfigurationPlatforms) = preSolution
		Debug|Any CPU = Debug|Any CPU
		Release|Any CPU = Release|Any CPU
	EndGlobalSection
	GlobalSection(ProjectConfigurationPlatforms) = postSolution
		{5FD0DD6C-0A10-4958-A2FF-B3D87FE09DC5}.Debug|Any CPU.ActiveCfg = Debug|Any CPU
		{5FD0DD6C-0A10-4958-A2FF-B3D87FE09DC5}.Debug|Any CPU.Build.0 = Debug|Any CPU
		{5FD0DD6C-0A10-4958-A2FF-B3D87FE09DC5}.Release|Any CPU.ActiveCfg = Release|Any CPU
		{5FD0DD6C-0A10-4958-A2FF-B3D87FE09DC5}.Release|Any CPU.Build.0 = Release|Any CPU
		{750957D1-78A1-484B-BCFD-90C375340936}.Debug|Any CPU.ActiveCfg = Debug|Any CPU
		{750957D1-78A1-484B-BCFD-90C375340936}.Debug|Any CPU.Build.0 = Debug|Any CPU
		{750957D1-78A1-484B-BCFD-90C375340936}.Release|Any CPU.ActiveCfg = Release|Any CPU
		{750957D1-78A1-484B-BCFD-90C375340936}.Release|Any CPU.Build.0 = Release|Any CPU
		{04C24470-E9F4-46E6-B561-F7E547A47FEE}.Debug|Any CPU.ActiveCfg = Debug|Any CPU
		{04C24470-E9F4-46E6-B561-F7E547A47FEE}.Debug|Any CPU.Build.0 = Debug|Any CPU
		{04C24470-E9F4-46E6-B561-F7E547A47FEE}.Release|Any CPU.ActiveCfg = Release|Any CPU
		{04C24470-E9F4-46E6-B561-F7E547A47FEE}.Release|Any CPU.Build.0 = Release|Any CPU
		{51E4F00E-E686-4888-9B74-A35AEBEE27E7}.Debug|Any CPU.ActiveCfg = Debug|Any CPU
		{51E4F00E-E686-4888-9B74-A35AEBEE27E7}.Debug|Any CPU.Build.0 = Debug|Any CPU
		{51E4F00E-E686-4888-9B74-A35AEBEE27E7}.Release|Any CPU.ActiveCfg = Release|Any CPU
		{51E4F00E-E686-4888-9B74-A35AEBEE27E7}.Release|Any CPU.Build.0 = Release|Any CPU
		{1FF79A68-C3A5-4D44-867D-8BF68A3FE8FB}.Debug|Any CPU.ActiveCfg = Debug|Any CPU
		{1FF79A68-C3A5-4D44-867D-8BF68A3FE8FB}.Debug|Any CPU.Build.0 = Debug|Any CPU
		{1FF79A68-C3A5-4D44-867D-8BF68A3FE8FB}.Release|Any CPU.ActiveCfg = Release|Any CPU
		{1FF79A68-C3A5-4D44-867D-8BF68A3FE8FB}.Release|Any CPU.Build.0 = Release|Any CPU
		{E72F155A-6072-4049-9EFA-895D02C24B4F}.Debug|Any CPU.ActiveCfg = Debug|Any CPU
		{E72F155A-6072-4049-9EFA-895D02C24B4F}.Debug|Any CPU.Build.0 = Debug|Any CPU
		{E72F155A-6072-4049-9EFA-895D02C24B4F}.Release|Any CPU.ActiveCfg = Release|Any CPU
		{E72F155A-6072-4049-9EFA-895D02C24B4F}.Release|Any CPU.Build.0 = Release|Any CPU
		{70286AA2-BB87-456D-B562-9997772BD8FF}.Debug|Any CPU.ActiveCfg = Debug|Any CPU
		{70286AA2-BB87-456D-B562-9997772BD8FF}.Debug|Any CPU.Build.0 = Debug|Any CPU
		{70286AA2-BB87-456D-B562-9997772BD8FF}.Release|Any CPU.ActiveCfg = Release|Any CPU
		{70286AA2-BB87-456D-B562-9997772BD8FF}.Release|Any CPU.Build.0 = Release|Any CPU
	EndGlobalSection
	GlobalSection(SolutionProperties) = preSolution
		HideSolutionNode = FALSE
	EndGlobalSection
	GlobalSection(NestedProjects) = preSolution
		{51E4F00E-E686-4888-9B74-A35AEBEE27E7} = {8C3AB78E-A097-44BF-AECD-A06CB02789F0}
		{1FF79A68-C3A5-4D44-867D-8BF68A3FE8FB} = {8C3AB78E-A097-44BF-AECD-A06CB02789F0}
		{E72F155A-6072-4049-9EFA-895D02C24B4F} = {8C3AB78E-A097-44BF-AECD-A06CB02789F0}
		{70286AA2-BB87-456D-B562-9997772BD8FF} = {8C3AB78E-A097-44BF-AECD-A06CB02789F0}
	EndGlobalSection
EndGlobal
